
Microsoft Visual Studio Solution File, Format Version 12.00
# Visual Studio Version 17
VisualStudioVersion = 17.9.34728.123
MinimumVisualStudioVersion = 10.0.40219.1
Project("{9A19103F-16F7-4668-BE54-9A1E7A4F7556}") = "AutoCopy", "AutoCopy.csproj", "{D661A98E-10DA-4750-86DE-3B5BC463107F}"
EndProject
Project("{FAE04EC0-301F-11D3-BF4B-00C04F79EFBC}") = "AutoCopy_framwork", "..\AutoCopy_framwork\AutoCopy_framwork.csproj", "{6B99AB98-FB57-4705-A026-07E59E9F38D8}"
EndProject
Global
	GlobalSection(SolutionConfigurationPlatforms) = preSolution
		Debug|Any CPU = Debug|Any CPU
		Release|Any CPU = Release|Any CPU
	EndGlobalSection
	GlobalSection(ProjectConfigurationPlatforms) = postSolution
		{D661A98E-10DA-4750-86DE-3B5BC463107F}.Debug|Any CPU.ActiveCfg = Debug|Any CPU
		{D661A98E-10DA-4750-86DE-3B5BC463107F}.Debug|Any CPU.Build.0 = Debug|Any CPU
		{D661A98E-10DA-4750-86DE-3B5BC463107F}.Release|Any CPU.ActiveCfg = Release|Any CPU
		{D661A98E-10DA-4750-86DE-3B5BC463107F}.Release|Any CPU.Build.0 = Release|Any CPU
		{6B99AB98-FB57-4705-A026-07E59E9F38D8}.Debug|Any CPU.ActiveCfg = Debug|Any CPU
		{6B99AB98-FB57-4705-A026-07E59E9F38D8}.Debug|Any CPU.Build.0 = Debug|Any CPU
		{6B99AB98-FB57-4705-A026-07E59E9F38D8}.Release|Any CPU.ActiveCfg = Release|Any CPU
		{6B99AB98-FB57-4705-A026-07E59E9F38D8}.Release|Any CPU.Build.0 = Release|Any CPU
	EndGlobalSection
	GlobalSection(SolutionProperties) = preSolution
		HideSolutionNode = FALSE
	EndGlobalSection
	GlobalSection(ExtensibilityGlobals) = postSolution
		SolutionGuid = {5EBB8EEB-DFA4-40AA-A9A1-BEA7361ABB28}
	EndGlobalSection
EndGlobal
